
Microsoft Visual Studio Solution File, Format Version 11.00
# Visual Studio 2010
# SharpDevelop 5.1
Project("{FAE04EC0-301F-11D3-BF4B-00C04F79EFBC}") = "SuperEngish", "SuperEngish\SuperEngish.csproj", "{274BE06E-9BF0-4EA5-8366-28D61035CD53}"
EndProject
Project("{FAE04EC0-301F-11D3-BF4B-00C04F79EFBC}") = "SuperEngish.BL", "SuperEngish.BL\SuperEngish.BL.csproj", "{A49002DF-FC53-498D-B654-8FA50BE53B19}"
EndProject
Global
	GlobalSection(SolutionConfigurationPlatforms) = preSolution
		Debug|Any CPU = Debug|Any CPU
		Release|Any CPU = Release|Any CPU
	EndGlobalSection
	GlobalSection(ProjectConfigurationPlatforms) = postSolution
		{274BE06E-9BF0-4EA5-8366-28D61035CD53}.Debug|Any CPU.ActiveCfg = Debug|Any CPU
		{274BE06E-9BF0-4EA5-8366-28D61035CD53}.Debug|Any CPU.Build.0 = Debug|Any CPU
		{274BE06E-9BF0-4EA5-8366-28D61035CD53}.Release|Any CPU.ActiveCfg = Release|Any CPU
		{274BE06E-9BF0-4EA5-8366-28D61035CD53}.Release|Any CPU.Build.0 = Release|Any CPU
		{A49002DF-FC53-498D-B654-8FA50BE53B19}.Debug|Any CPU.ActiveCfg = Debug|Any CPU
		{A49002DF-FC53-498D-B654-8FA50BE53B19}.Debug|Any CPU.Build.0 = Debug|Any CPU
		{A49002DF-FC53-498D-B654-8FA50BE53B19}.Release|Any CPU.ActiveCfg = Release|Any CPU
		{A49002DF-FC53-498D-B654-8FA50BE53B19}.Release|Any CPU.Build.0 = Release|Any CPU
	EndGlobalSection
EndGlobal
